
Microsoft Visual Studio Solution File, Format Version 12.00
# Visual Studio Version 16
VisualStudioVersion = 16.0.31424.327
MinimumVisualStudioVersion = 10.0.40219.1
Project("{FAE04EC0-301F-11D3-BF4B-00C04F79EFBC}") = "ozsec2021_shellcode", "ozsec2021_shellcode\ozsec2021_shellcode.csproj", "{2267C54D-D77C-49F3-911C-7FB0290F2453}"
EndProject
Global
	GlobalSection(SolutionConfigurationPlatforms) = preSolution
		Debug|Any CPU = Debug|Any CPU
		Release|Any CPU = Release|Any CPU
	EndGlobalSection
	GlobalSection(ProjectConfigurationPlatforms) = postSolution
		{2267C54D-D77C-49F3-911C-7FB0290F2453}.Debug|Any CPU.ActiveCfg = Debug|Any CPU
		{2267C54D-D77C-49F3-911C-7FB0290F2453}.Debug|Any CPU.Build.0 = Debug|Any CPU
		{2267C54D-D77C-49F3-911C-7FB0290F2453}.Release|Any CPU.ActiveCfg = Release|Any CPU
		{2267C54D-D77C-49F3-911C-7FB0290F2453}.Release|Any CPU.Build.0 = Release|Any CPU
	EndGlobalSection
	GlobalSection(SolutionProperties) = preSolution
		HideSolutionNode = FALSE
	EndGlobalSection
	GlobalSection(ExtensibilityGlobals) = postSolution
		SolutionGuid = {D526BBF5-4D65-4D91-96E1-29BF6771269F}
	EndGlobalSection
EndGlobal
